// !$*UTF8*$!
{
	archiveVersion = 1;
	classes = {
	};
	objectVersion = 50;
	objects = {

/* Begin PBXBuildFile section */
		A420CA7423E88B9900ACE351 /* AppDelegate.swift in Sources */ = {isa = PBXBuildFile; fileRef = A420CA7323E88B9900ACE351 /* AppDelegate.swift */; };
		A420CA7623E88B9900ACE351 /* SceneDelegate.swift in Sources */ = {isa = PBXBuildFile; fileRef = A420CA7523E88B9900ACE351 /* SceneDelegate.swift */; };
		A420CA7823E88B9900ACE351 /* ViewController.swift in Sources */ = {isa = PBXBuildFile; fileRef = A420CA7723E88B9900ACE351 /* ViewController.swift */; };
		A420CA7B23E88B9900ACE351 /* Main.storyboard in Resources */ = {isa = PBXBuildFile; fileRef = A420CA7923E88B9900ACE351 /* Main.storyboard */; };
		A420CA7D23E88BA200ACE351 /* Assets.xcassets in Resources */ = {isa = PBXBuildFile; fileRef = A420CA7C23E88BA200ACE351 /* Assets.xcassets */; };
		A420CA8023E88BA200ACE351 /* LaunchScreen.storyboard in Resources */ = {isa = PBXBuildFile; fileRef = A420CA7E23E88BA200ACE351 /* LaunchScreen.storyboard */; };
		A420CA8B23E88BA200ACE351 /* Word_GardenTests.swift in Sources */ = {isa = PBXBuildFile; fileRef = A420CA8A23E88BA200ACE351 /* Word_GardenTests.swift */; };
		A420CA9623E88BA300ACE351 /* Word_GardenUITests.swift in Sources */ = {isa = PBXBuildFile; fileRef = A420CA9523E88BA300ACE351 /* Word_GardenUITests.swift */; };
/* End PBXBuildFile section */

/* Begin PBXContainerItemProxy section */
		A420CA8723E88BA200ACE351 /* PBXContainerItemProxy */ = {
			isa = PBXContainerItemProxy;
			containerPortal = A420CA6823E88B9900ACE351 /* Project object */;
			proxyType = 1;
			remoteGlobalIDString = A420CA6F23E88B9900ACE351;
			remoteInfo = "Word Garden";
		};
		A420CA9223E88BA300ACE351 /* PBXContainerItemProxy */ = {
			isa = PBXContainerItemProxy;
			containerPortal = A420CA6823E88B9900ACE351 /* Project object */;
			proxyType = 1;
			remoteGlobalIDString = A420CA6F23E88B9900ACE351;
			remoteInfo = "Word Garden";
		};
/* End PBXContainerItemProxy section */

/* Begin PBXFileReference section */
		A420CA7023E88B9900ACE351 /* Word Garden.app */ = {isa = PBXFileReference; explicitFileType = wrapper.application; includeInIndex = 0; path = "Word Garden.app"; sourceTree = BUILT_PRODUCTS_DIR; };
		A420CA7323E88B9900ACE351 /* AppDelegate.swift */ = {isa = PBXFileReference; lastKnownFileType = sourcecode.swift; path = AppDelegate.swift; sourceTree = "<group>"; };
		A420CA7523E88B9900ACE351 /* SceneDelegate.swift */ = {isa = PBXFileReference; lastKnownFileType = sourcecode.swift; path = SceneDelegate.swift; sourceTree = "<group>"; };
		A420CA7723E88B9900ACE351 /* ViewController.swift */ = {isa = PBXFileReference; lastKnownFileType = sourcecode.swift; path = ViewController.swift; sourceTree = "<group>"; };
		A420CA7A23E88B9900ACE351 /* Base */ = {isa = PBXFileReference; lastKnownFileType = file.storyboard; name = Base; path = Base.lproj/Main.storyboard; sourceTree = "<group>"; };
		A420CA7C23E88BA200ACE351 /* Assets.xcassets */ = {isa = PBXFileReference; lastKnownFileType = folder.assetcatalog; path = Assets.xcassets; sourceTree = "<group>"; };
		A420CA7F23E88BA200ACE351 /* Base */ = {isa = PBXFileReference; lastKnownFileType = file.storyboard; name = Base; path = Base.lproj/LaunchScreen.storyboard; sourceTree = "<group>"; };
		A420CA8123E88BA200ACE351 /* Info.plist */ = {isa = PBXFileReference; lastKnownFileType = text.plist.xml; path = Info.plist; sourceTree = "<group>"; };
		A420CA8623E88BA200ACE351 /* Word GardenTests.xctest */ = {isa = PBXFileReference; explicitFileType = wrapper.cfbundle; includeInIndex = 0; path = "Word GardenTests.xctest"; sourceTree = BUILT_PRODUCTS_DIR; };
		A420CA8A23E88BA200ACE351 /* Word_GardenTests.swift */ = {isa = PBXFileReference; lastKnownFileType = sourcecode.swift; path = Word_GardenTests.swift; sourceTree = "<group>"; };
		A420CA8C23E88BA200ACE351 /* Info.plist */ = {isa = PBXFileReference; lastKnownFileType = text.plist.xml; path = Info.plist; sourceTree = "<group>"; };
		A420CA9123E88BA300ACE351 /* Word GardenUITests.xctest */ = {isa = PBXFileReference; explicitFileType = wrapper.cfbundle; includeInIndex = 0; path = "Word GardenUITests.xctest"; sourceTree = BUILT_PRODUCTS_DIR; };
		A420CA9523E88BA300ACE351 /* Word_GardenUITests.swift */ = {isa = PBXFileReference; lastKnownFileType = sourcecode.swift; path = Word_GardenUITests.swift; sourceTree = "<group>"; };
		A420CA9723E88BA300ACE351 /* Info.plist */ = {isa = PBXFileReference; lastKnownFileType = text.plist.xml; path = Info.plist; sourceTree = "<group>"; };
/* End PBXFileReference section */

/* Begin PBXFrameworksBuildPhase section */
		A420CA6D23E88B9900ACE351 /* Frameworks */ = {
			isa = PBXFrameworksBuildPhase;
			buildActionMask = 2147483647;
			files = (
			);
			runOnlyForDeploymentPostprocessing = 0;
		};
		A420CA8323E88BA200ACE351 /* Frameworks */ = {
			isa = PBXFrameworksBuildPhase;
			buildActionMask = 2147483647;
			files = (
			);
			runOnlyForDeploymentPostprocessing = 0;
		};
		A420CA8E23E88BA300ACE351 /* Frameworks */ = {
			isa = PBXFrameworksBuildPhase;
			buildActionMask = 2147483647;
			files = (
			);
			runOnlyForDeploymentPostprocessing = 0;
		};
/* End PBXFrameworksBuildPhase section */

/* Begin PBXGroup section */
		A420CA6723E88B9900ACE351 = {
			isa = PBXGroup;
			children = (
				A420CA7223E88B9900ACE351 /* Word Garden */,
				A420CA8923E88BA200ACE351 /* Word GardenTests */,
				A420CA9423E88BA300ACE351 /* Word GardenUITests */,
				A420CA7123E88B9900ACE351 /* Products */,
			);
			sourceTree = "<group>";
		};
		A420CA7123E88B9900ACE351 /* Products */ = {
			isa = PBXGroup;
			children = (
				A420CA7023E88B9900ACE351 /* Word Garden.app */,
				A420CA8623E88BA200ACE351 /* Word GardenTests.xctest */,
				A420CA9123E88BA300ACE351 /* Word GardenUITests.xctest */,
			);
			name = Products;
			sourceTree = "<group>";
		};
		A420CA7223E88B9900ACE351 /* Word Garden */ = {
			isa = PBXGroup;
			children = (
				A420CA7323E88B9900ACE351 /* AppDelegate.swift */,
				A420CA7523E88B9900ACE351 /* SceneDelegate.swift */,
				A420CA7723E88B9900ACE351 /* ViewController.swift */,
				A420CA7923E88B9900ACE351 /* Main.storyboard */,
				A420CA7C23E88BA200ACE351 /* Assets.xcassets */,
				A420CA7E23E88BA200ACE351 /* LaunchScreen.storyboard */,
				A420CA8123E88BA200ACE351 /* Info.plist */,
			);
			path = "Word Garden";
			sourceTree = "<group>";
		};
		A420CA8923E88BA200ACE351 /* Word GardenTests */ = {
			isa = PBXGroup;
			children = (
				A420CA8A23E88BA200ACE351 /* Word_GardenTests.swift */,
				A420CA8C23E88BA200ACE351 /* Info.plist */,
			);
			path = "Word GardenTests";
			sourceTree = "<group>";
		};
		A420CA9423E88BA300ACE351 /* Word GardenUITests */ = {
			isa = PBXGroup;
			children = (
				A420CA9523E88BA300ACE351 /* Word_GardenUITests.swift */,
				A420CA9723E88BA300ACE351 /* Info.plist */,
			);
			path = "Word GardenUITests";
			sourceTree = "<group>";
		};
/* End PBXGroup section */

/* Begin PBXNativeTarget section */
		A420CA6F23E88B9900ACE351 /* Word Garden */ = {
			isa = PBXNativeTarget;
			buildConfigurationList = A420CA9A23E88BA300ACE351 /* Build configuration list for PBXNativeTarget "Word Garden" */;
			buildPhases = (
				A420CA6C23E88B9900ACE351 /* Sources */,
				A420CA6D23E88B9900ACE351 /* Frameworks */,
				A420CA6E23E88B9900ACE351 /* Resources */,
			);
			buildRules = (
			);
			dependencies = (
			);
			name = "Word Garden";
			productName = "Word Garden";
			productReference = A420CA7023E88B9900ACE351 /* Word Garden.app */;
			productType = "com.apple.product-type.application";
		};
		A420CA8523E88BA200ACE351 /* Word GardenTests */ = {
			isa = PBXNativeTarget;
			buildConfigurationList = A420CA9D23E88BA300ACE351 /* Build configuration list for PBXNativeTarget "Word GardenTests" */;
			buildPhases = (
				A420CA8223E88BA200ACE351 /* Sources */,
				A420CA8323E88BA200ACE351 /* Frameworks */,
				A420CA8423E88BA200ACE351 /* Resources */,
			);
			buildRules = (
			);
			dependencies = (
				A420CA8823E88BA200ACE351 /* PBXTargetDependency */,
			);
			name = "Word GardenTests";
			productName = "Word GardenTests";
			productReference = A420CA8623E88BA200ACE351 /* Word GardenTests.xctest */;
			productType = "com.apple.product-type.bundle.unit-test";
		};
		A420CA9023E88BA300ACE351 /* Word GardenUITests */ = {
			isa = PBXNativeTarget;
			buildConfigurationList = A420CAA023E88BA300ACE351 /* Build configuration list for PBXNativeTarget "Word GardenUITests" */;
			buildPhases = (
				A420CA8D23E88BA300ACE351 /* Sources */,
				A420CA8E23E88BA300ACE351 /* Frameworks */,
				A420CA8F23E88BA300ACE351 /* Resources */,
			);
			buildRules = (
			);
			dependencies = (
				A420CA9323E88BA300ACE351 /* PBXTargetDependency */,
			);
			name = "Word GardenUITests";
			productName = "Word GardenUITests";
			productReference = A420CA9123E88BA300ACE351 /* Word GardenUITests.xctest */;
			productType = "com.apple.product-type.bundle.ui-testing";
		};
/* End PBXNativeTarget section */

/* Begin PBXProject section */
		A420CA6823E88B9900ACE351 /* Project object */ = {
			isa = PBXProject;
			attributes = {
				LastSwiftUpdateCheck = 1130;
				LastUpgradeCheck = 1130;
				ORGANIZATIONNAME = "Brad Ehrlich";
				TargetAttributes = {
					A420CA6F23E88B9900ACE351 = {
						CreatedOnToolsVersion = 11.3.1;
					};
					A420CA8523E88BA200ACE351 = {
						CreatedOnToolsVersion = 11.3.1;
						TestTargetID = A420CA6F23E88B9900ACE351;
					};
					A420CA9023E88BA300ACE351 = {
						CreatedOnToolsVersion = 11.3.1;
						TestTargetID = A420CA6F23E88B9900ACE351;
					};
				};
			};
			buildConfigurationList = A420CA6B23E88B9900ACE351 /* Build configuration list for PBXProject "Word Garden" */;
			compatibilityVersion = "Xcode 9.3";
			developmentRegion = en;
			hasScannedForEncodings = 0;
			knownRegions = (
				en,
				Base,
			);
			mainGroup = A420CA6723E88B9900ACE351;
			productRefGroup = A420CA7123E88B9900ACE351 /* Products */;
			projectDirPath = "";
			projectRoot = "";
			targets = (
				A420CA6F23E88B9900ACE351 /* Word Garden */,
				A420CA8523E88BA200ACE351 /* Word GardenTests */,
				A420CA9023E88BA300ACE351 /* Word GardenUITests */,
			);
		};
/* End PBXProject section */

/* Begin PBXResourcesBuildPhase section */
		A420CA6E23E88B9900ACE351 /* Resources */ = {
			isa = PBXResourcesBuildPhase;
			buildActionMask = 2147483647;
			files = (
				A420CA8023E88BA200ACE351 /* LaunchScreen.storyboard in Resources */,
				A420CA7D23E88BA200ACE351 /* Assets.xcassets in Resources */,
				A420CA7B23E88B9900ACE351 /* Main.storyboard in Resources */,
			);
			runOnlyForDeploymentPostprocessing = 0;
		};
		A420CA8423E88BA200ACE351 /* Resources */ = {
			isa = PBXResourcesBuildPhase;
			buildActionMask = 2147483647;
			files = (
			);
			runOnlyForDeploymentPostprocessing = 0;
		};
		A420CA8F23E88BA300ACE351 /* Resources */ = {
			isa = PBXResourcesBuildPhase;
			buildActionMask = 2147483647;
			files = (
			);
			runOnlyForDeploymentPostprocessing = 0;
		};
/* End PBXResourcesBuildPhase section */

/* Begin PBXSourcesBuildPhase section */
		A420CA6C23E88B9900ACE351 /* Sources */ = {
			isa = PBXSourcesBuildPhase;
			buildActionMask = 2147483647;
			files = (
				A420CA7823E88B9900ACE351 /* ViewController.swift in Sources */,
				A420CA7423E88B9900ACE351 /* AppDelegate.swift in Sources */,
				A420CA7623E88B9900ACE351 /* SceneDelegate.swift in Sources */,
			);
			runOnlyForDeploymentPostprocessing = 0;
		};
		A420CA8223E88BA200ACE351 /* Sources */ = {
			isa = PBXSourcesBuildPhase;
			buildActionMask = 2147483647;
			files = (
				A420CA8B23E88BA200ACE351 /* Word_GardenTests.swift in Sources */,
			);
			runOnlyForDeploymentPostprocessing = 0;
		};
		A420CA8D23E88BA300ACE351 /* Sources */ = {
			isa = PBXSourcesBuildPhase;
			buildActionMask = 2147483647;
			files = (
				A420CA9623E88BA300ACE351 /* Word_GardenUITests.swift in Sources */,
			);
			runOnlyForDeploymentPostprocessing = 0;
		};
/* End PBXSourcesBuildPhase section */

/* Begin PBXTargetDependency section */
		A420CA8823E88BA200ACE351 /* PBXTargetDependency */ = {
			isa = PBXTargetDependency;
			target = A420CA6F23E88B9900ACE351 /* Word Garden */;
			targetProxy = A420CA8723E88BA200ACE351 /* PBXContainerItemProxy */;
		};
		A420CA9323E88BA300ACE351 /* PBXTargetDependency */ = {
			isa = PBXTargetDependency;
			target = A420CA6F23E88B9900ACE351 /* Word Garden */;
			targetProxy = A420CA9223E88BA300ACE351 /* PBXContainerItemProxy */;
		};
/* End PBXTargetDependency section */

/* Begin PBXVariantGroup section */
		A420CA7923E88B9900ACE351 /* Main.storyboard */ = {
			isa = PBXVariantGroup;
			children = (
				A420CA7A23E88B9900ACE351 /* Base */,
			);
			name = Main.storyboard;
			sourceTree = "<group>";
		};
		A420CA7E23E88BA200ACE351 /* LaunchScreen.storyboard */ = {
			isa = PBXVariantGroup;
			children = (
				A420CA7F23E88BA200ACE351 /* Base */,
			);
			name = LaunchScreen.storyboard;
			sourceTree = "<group>";
		};
/* End PBXVariantGroup section */

/* Begin XCBuildConfiguration section */
		A420CA9823E88BA300ACE351 /* Debug */ = {
			isa = XCBuildConfiguration;
			buildSettings = {
				ALWAYS_SEARCH_USER_PATHS = NO;
				CLANG_ANALYZER_NONNULL = YES;
				CLANG_ANALYZER_NUMBER_OBJECT_CONVERSION = YES_AGGRESSIVE;
				CLANG_CXX_LANGUAGE_STANDARD = "gnu++14";
				CLANG_CXX_LIBRARY = "libc++";
				CLANG_ENABLE_MODULES = YES;
				CLANG_ENABLE_OBJC_ARC = YES;
				CLANG_ENABLE_OBJC_WEAK = YES;
				CLANG_WARN_BLOCK_CAPTURE_AUTORELEASING = YES;
				CLANG_WARN_BOOL_CONVERSION = YES;
				CLANG_WARN_COMMA = YES;
				CLANG_WARN_CONSTANT_CONVERSION = YES;
				CLANG_WARN_DEPRECATED_OBJC_IMPLEMENTATIONS = YES;
				CLANG_WARN_DIRECT_OBJC_ISA_USAGE = YES_ERROR;
				CLANG_WARN_DOCUMENTATION_COMMENTS = YES;
				CLANG_WARN_EMPTY_BODY = YES;
				CLANG_WARN_ENUM_CONVERSION = YES;
				CLANG_WARN_INFINITE_RECURSION = YES;
				CLANG_WARN_INT_CONVERSION = YES;
				CLANG_WARN_NON_LITERAL_NULL_CONVERSION = YES;
				CLANG_WARN_OBJC_IMPLICIT_RETAIN_SELF = YES;
				CLANG_WARN_OBJC_LITERAL_CONVERSION = YES;
				CLANG_WARN_OBJC_ROOT_CLASS = YES_ERROR;
				CLANG_WARN_RANGE_LOOP_ANALYSIS = YES;
				CLANG_WARN_STRICT_PROTOTYPES = YES;
				CLANG_WARN_SUSPICIOUS_MOVE = YES;
				CLANG_WARN_UNGUARDED_AVAILABILITY = YES_AGGRESSIVE;
				CLANG_WARN_UNREACHABLE_CODE = YES;
				CLANG_WARN__DUPLICATE_METHOD_MATCH = YES;
				COPY_PHASE_STRIP = NO;
				DEBUG_INFORMATION_FORMAT = dwarf;
				ENABLE_STRICT_OBJC_MSGSEND = YES;
				ENABLE_TESTABILITY = YES;
				GCC_C_LANGUAGE_STANDARD = gnu11;
				GCC_DYNAMIC_NO_PIC = NO;
				GCC_NO_COMMON_BLOCKS = YES;
				GCC_OPTIMIZATION_LEVEL = 0;
				GCC_PREPROCESSOR_DEFINITIONS = (
					"DEBUG=1",
					"$(inherited)",
				);
				GCC_WARN_64_TO_32_BIT_CONVERSION = YES;
				GCC_WARN_ABOUT_RETURN_TYPE = YES_ERROR;
				GCC_WARN_UNDECLARED_SELECTOR = YES;
				GCC_WARN_UNINITIALIZED_AUTOS = YES_AGGRESSIVE;
				GCC_WARN_UNUSED_FUNCTION = YES;
				GCC_WARN_UNUSED_VARIABLE = YES;
				IPHONEOS_DEPLOYMENT_TARGET = 13.2;
				MTL_ENABLE_DEBUG_INFO = INCLUDE_SOURCE;
				MTL_FAST_MATH = YES;
				ONLY_ACTIVE_ARCH = YES;
				SDKROOT = iphoneos;
				SWIFT_ACTIVE_COMPILATION_CONDITIONS = DEBUG;
				SWIFT_OPTIMIZATION_LEVEL = "-Onone";
			};
			name = Debug;
		};
		A420CA9923E88BA300ACE351 /* Release */ = {
			isa = XCBuildConfiguration;
			buildSettings = {
				ALWAYS_SEARCH_USER_PATHS = NO;
				CLANG_ANALYZER_NONNULL = YES;
				CLANG_ANALYZER_NUMBER_OBJECT_CONVERSION = YES_AGGRESSIVE;
				CLANG_CXX_LANGUAGE_STANDARD = "gnu++14";
				CLANG_CXX_LIBRARY = "libc++";
				CLANG_ENABLE_MODULES = YES;
				CLANG_ENABLE_OBJC_ARC = YES;
				CLANG_ENABLE_OBJC_WEAK = YES;
				CLANG_WARN_BLOCK_CAPTURE_AUTORELEASING = YES;
				CLANG_WARN_BOOL_CONVERSION = YES;
				CLANG_WARN_COMMA = YES;
				CLANG_WARN_CONSTANT_CONVERSION = YES;
				CLANG_WARN_DEPRECATED_OBJC_IMPLEMENTATIONS = YES;
				CLANG_WARN_DIRECT_OBJC_ISA_USAGE = YES_ERROR;
				CLANG_WARN_DOCUMENTATION_COMMENTS = YES;
				CLANG_WARN_EMPTY_BODY = YES;
				CLANG_WARN_ENUM_CONVERSION = YES;
				CLANG_WARN_INFINITE_RECURSION = YES;
				CLANG_WARN_INT_CONVERSION = YES;
				CLANG_WARN_NON_LITERAL_NULL_CONVERSION = YES;
				CLANG_WARN_OBJC_IMPLICIT_RETAIN_SELF = YES;
				CLANG_WARN_OBJC_LITERAL_CONVERSION = YES;
				CLANG_WARN_OBJC_ROOT_CLASS = YES_ERROR;
				CLANG_WARN_RANGE_LOOP_ANALYSIS = YES;
				CLANG_WARN_STRICT_PROTOTYPES = YES;
				CLANG_WARN_SUSPICIOUS_MOVE = YES;
				CLANG_WARN_UNGUARDED_AVAILABILITY = YES_AGGRESSIVE;
				CLANG_WARN_UNREACHABLE_CODE = YES;
				CLANG_WARN__DUPLICATE_METHOD_MATCH = YES;
				COPY_PHASE_STRIP = NO;
				DEBUG_INFORMATION_FORMAT = "dwarf-with-dsym";
				ENABLE_NS_ASSERTIONS = NO;
				ENABLE_STRICT_OBJC_MSGSEND = YES;
				GCC_C_LANGUAGE_STANDARD = gnu11;
				GCC_NO_COMMON_BLOCKS = YES;
				GCC_WARN_64_TO_32_BIT_CONVERSION = YES;
				GCC_WARN_ABOUT_RETURN_TYPE = YES_ERROR;
				GCC_WARN_UNDECLARED_SELECTOR = YES;
				GCC_WARN_UNINITIALIZED_AUTOS = YES_AGGRESSIVE;
				GCC_WARN_UNUSED_FUNCTION = YES;
				GCC_WARN_UNUSED_VARIABLE = YES;
				IPHONEOS_DEPLOYMENT_TARGET = 13.2;
				MTL_ENABLE_DEBUG_INFO = NO;
				MTL_FAST_MATH = YES;
				SDKROOT = iphoneos;
				SWIFT_COMPILATION_MODE = wholemodule;
				SWIFT_OPTIMIZATION_LEVEL = "-O";
				VALIDATE_PRODUCT = YES;
			};
			name = Release;
		};
		A420CA9B23E88BA300ACE351 /* Debug */ = {
			isa = XCBuildConfiguration;
			buildSettings = {
				ASSETCATALOG_COMPILER_APPICON_NAME = AppIcon;
				CODE_SIGN_STYLE = Automatic;
				INFOPLIST_FILE = "Word Garden/Info.plist";
				LD_RUNPATH_SEARCH_PATHS = (
					"$(inherited)",
					"@executable_path/Frameworks",
				);
				PRODUCT_BUNDLE_IDENTIFIER = "com.ehrlich.Word-Garden";
				PRODUCT_NAME = "$(TARGET_NAME)";
				SWIFT_VERSION = 5.0;
				TARGETED_DEVICE_FAMILY = "1,2";
			};
			name = Debug;
		};
		A420CA9C23E88BA300ACE351 /* Release */ = {
			isa = XCBuildConfiguration;
			buildSettings = {
				ASSETCATALOG_COMPILER_APPICON_NAME = AppIcon;
				CODE_SIGN_STYLE = Automatic;
				INFOPLIST_FILE = "Word Garden/Info.plist";
				LD_RUNPATH_SEARCH_PATHS = (
					"$(inherited)",
					"@executable_path/Frameworks",
				);
				PRODUCT_BUNDLE_IDENTIFIER = "com.ehrlich.Word-Garden";
				PRODUCT_NAME = "$(TARGET_NAME)";
				SWIFT_VERSION = 5.0;
				TARGETED_DEVICE_FAMILY = "1,2";
			};
			name = Release;
		};
		A420CA9E23E88BA300ACE351 /* Debug */ = {
			isa = XCBuildConfiguration;
			buildSettings = {
				ALWAYS_EMBED_SWIFT_STANDARD_LIBRARIES = YES;
				BUNDLE_LOADER = "$(TEST_HOST)";
				CODE_SIGN_STYLE = Automatic;
				INFOPLIST_FILE = "Word GardenTests/Info.plist";
				IPHONEOS_DEPLOYMENT_TARGET = 13.2;
				LD_RUNPATH_SEARCH_PATHS = (
					"$(inherited)",
					"@executable_path/Frameworks",
					"@loader_path/Frameworks",
				);
				PRODUCT_BUNDLE_IDENTIFIER = "com.ehrlich.Word-GardenTests";
				PRODUCT_NAME = "$(TARGET_NAME)";
				SWIFT_VERSION = 5.0;
				TARGETED_DEVICE_FAMILY = "1,2";
				TEST_HOST = "$(BUILT_PRODUCTS_DIR)/Word Garden.app/Word Garden";
			};
			name = Debug;
		};
		A420CA9F23E88BA300ACE351 /* Release */ = {
			isa = XCBuildConfiguration;
			buildSettings = {
				ALWAYS_EMBED_SWIFT_STANDARD_LIBRARIES = YES;
				BUNDLE_LOADER = "$(TEST_HOST)";
				CODE_SIGN_STYLE = Automatic;
				INFOPLIST_FILE = "Word GardenTests/Info.plist";
				IPHONEOS_DEPLOYMENT_TARGET = 13.2;
				LD_RUNPATH_SEARCH_PATHS = (
					"$(inherited)",
					"@executable_path/Frameworks",
					"@loader_path/Frameworks",
				);
				PRODUCT_BUNDLE_IDENTIFIER = "com.ehrlich.Word-GardenTests";
				PRODUCT_NAME = "$(TARGET_NAME)";
				SWIFT_VERSION = 5.0;
				TARGETED_DEVICE_FAMILY = "1,2";
				TEST_HOST = "$(BUILT_PRODUCTS_DIR)/Word Garden.app/Word Garden";
			};
			name = Release;
		};
		A420CAA123E88BA300ACE351 /* Debug */ = {
			isa = XCBuildConfiguration;
			buildSettings = {
				ALWAYS_EMBED_SWIFT_STANDARD_LIBRARIES = YES;
				CODE_SIGN_STYLE = Automatic;
				INFOPLIST_FILE = "Word GardenUITests/Info.plist";
				LD_RUNPATH_SEARCH_PATHS = (
					"$(inherited)",
					"@executable_path/Frameworks",
					"@loader_path/Frameworks",
				);
				PRODUCT_BUNDLE_IDENTIFIER = "com.ehrlich.Word-GardenUITests";
				PRODUCT_NAME = "$(TARGET_NAME)";
				SWIFT_VERSION = 5.0;
				TARGETED_DEVICE_FAMILY = "1,2";
				TEST_TARGET_NAME = "Word Garden";
			};
			name = Debug;
		};
		A420CAA223E88BA300ACE351 /* Release */ = {
			isa = XCBuildConfiguration;
			buildSettings = {
				ALWAYS_EMBED_SWIFT_STANDARD_LIBRARIES = YES;
				CODE_SIGN_STYLE = Automatic;
				INFOPLIST_FILE = "Word GardenUITests/Info.plist";
				LD_RUNPATH_SEARCH_PATHS = (
					"$(inherited)",
					"@executable_path/Frameworks",
					"@loader_path/Frameworks",
				);
				PRODUCT_BUNDLE_IDENTIFIER = "com.ehrlich.Word-GardenUITests";
				PRODUCT_NAME = "$(TARGET_NAME)";
				SWIFT_VERSION = 5.0;
				TARGETED_DEVICE_FAMILY = "1,2";
				TEST_TARGET_NAME = "Word Garden";
			};
			name = Release;
		};
/* End XCBuildConfiguration section */

/* Begin XCConfigurationList section */
		A420CA6B23E88B9900ACE351 /* Build configuration list for PBXProject "Word Garden" */ = {
			isa = XCConfigurationList;
			buildConfigurations = (
				A420CA9823E88BA300ACE351 /* Debug */,
				A420CA9923E88BA300ACE351 /* Release */,
			);
			defaultConfigurationIsVisible = 0;
			defaultConfigurationName = Release;
		};
		A420CA9A23E88BA300ACE351 /* Build configuration list for PBXNativeTarget "Word Garden" */ = {
			isa = XCConfigurationList;
			buildConfigurations = (
				A420CA9B23E88BA300ACE351 /* Debug */,
				A420CA9C23E88BA300ACE351 /* Release */,
			);
			defaultConfigurationIsVisible = 0;
			defaultConfigurationName = Release;
		};
		A420CA9D23E88BA300ACE351 /* Build configuration list for PBXNativeTarget "Word GardenTests" */ = {
			isa = XCConfigurationList;
			buildConfigurations = (
				A420CA9E23E88BA300ACE351 /* Debug */,
				A420CA9F23E88BA300ACE351 /* Release */,
			);
			defaultConfigurationIsVisible = 0;
			defaultConfigurationName = Release;
		};
		A420CAA023E88BA300ACE351 /* Build configuration list for PBXNativeTarget "Word GardenUITests" */ = {
			isa = XCConfigurationList;
			buildConfigurations = (
				A420CAA123E88BA300ACE351 /* Debug */,
				A420CAA223E88BA300ACE351 /* Release */,
			);
			defaultConfigurationIsVisible = 0;
			defaultConfigurationName = Release;
		};
/* End XCConfigurationList section */
	};
	rootObject = A420CA6823E88B9900ACE351 /* Project object */;
}
